
Microsoft Visual Studio Solution File, Format Version 12.00
# Visual Studio Version 17
VisualStudioVersion = 17.14.36518.9
MinimumVisualStudioVersion = 10.0.40219.1
Project("{2150E333-8FDC-42A3-9474-1A3956D46DE8}") = "Services", "Services", "{36D591C7-65C7-A0D1-1CBC-10CDE441BDC8}"
EndProject
Project("{2150E333-8FDC-42A3-9474-1A3956D46DE8}") = "IdentityService", "IdentityService", "{3828E8CB-C4B4-4BAF-8E2F-6751700242E7}"
EndProject
Project("{FAE04EC0-301F-11D3-BF4B-00C04F79EFBC}") = "WebApi", "Services\IdentityService\WebApi\WebApi.csproj", "{3A90A3CE-CAAC-4A0F-A3A6-F355020DF0D0}"
EndProject
Project("{FAE04EC0-301F-11D3-BF4B-00C04F79EFBC}") = "Domain", "Services\IdentityService\Domain\Domain.csproj", "{3224FBC3-164A-4D70-86C9-398FA4E6A32E}"
EndProject
Project("{FAE04EC0-301F-11D3-BF4B-00C04F79EFBC}") = "Infrastructure", "Services\IdentityService\Infrastructure\Infrastructure.csproj", "{19A619A8-5379-4BE4-B630-49390F2B82EE}"
EndProject
Project("{2150E333-8FDC-42A3-9474-1A3956D46DE8}") = "Shared", "Shared", "{83361F5D-4DF0-4760-B1E3-D7DB4F7C02AD}"
EndProject
Project("{FAE04EC0-301F-11D3-BF4B-00C04F79EFBC}") = "Application", "Services\IdentityService\Application\Application.csproj", "{C630A31F-A768-40DF-85D6-6234399D24CA}"
EndProject
Project("{FAE04EC0-301F-11D3-BF4B-00C04F79EFBC}") = "ListingService.WebApi", "Services\ListingService\ListingService.WebApi\ListingService.WebApi.csproj", "{D1123673-005B-4001-AD10-3F211A26573A}"
EndProject
Project("{2150E333-8FDC-42A3-9474-1A3956D46DE8}") = "ListingService", "ListingService", "{D1FA27F7-C3D3-4CCD-885C-6E5F9C29C77F}"
EndProject
Project("{FAE04EC0-301F-11D3-BF4B-00C04F79EFBC}") = "ListingService.Domain", "Services\ListingService\ListingService.Domain\ListingService.Domain.csproj", "{9002A01D-AF50-485C-83EF-7BC6BFA7413D}"
EndProject
Project("{FAE04EC0-301F-11D3-BF4B-00C04F79EFBC}") = "ListingService.Application", "Services\ListingService\ListingService.Application\ListingService.Application.csproj", "{90259EFE-36FD-4C83-AAA2-C6B230ECA3DF}"
EndProject
Project("{FAE04EC0-301F-11D3-BF4B-00C04F79EFBC}") = "ListingService.Infrastructure", "Services\ListingService\ListingService.Infrastructure\ListingService.Infrastructure.csproj", "{5260C2B3-67BE-4DE8-B8CF-175EBC386AB7}"
EndProject
Project("{2150E333-8FDC-42A3-9474-1A3956D46DE8}") = "Solution Items", "Solution Items", "{90F0275A-ECEA-45E1-8E3E-43BB2994EE7E}"
	ProjectSection(SolutionItems) = preProject
		compose.yaml = compose.yaml
	EndProjectSection
EndProject
Project("{2150E333-8FDC-42A3-9474-1A3956D46DE8}") = "ChatService", "ChatService", "{A2AA9BF3-6556-E61B-83BB-905EF0D2EA94}"
EndProject
Project("{FAE04EC0-301F-11D3-BF4B-00C04F79EFBC}") = "ChatService.Domain", "Services\ChatService\ChatService.Domain\ChatService.Domain.csproj", "{1CF42F4F-1568-43EC-BC9A-B21E9B9E07AB}"
EndProject
Project("{FAE04EC0-301F-11D3-BF4B-00C04F79EFBC}") = "ChatService.Infrastructure", "Services\ChatService\ChatService.Infrastructure\ChatService.Infrastructure.csproj", "{6B13C1B8-5235-4378-8541-538871992201}"
EndProject
Project("{FAE04EC0-301F-11D3-BF4B-00C04F79EFBC}") = "ChatService.Application", "Services\ChatService\ChatService.Application\ChatService.Application.csproj", "{B6CDC827-CE71-4B71-B4BE-D332E2269235}"
EndProject
Project("{FAE04EC0-301F-11D3-BF4B-00C04F79EFBC}") = "ChatService.WebApi", "Services\ChatService\ChatService.WebApi\ChatService.WebApi.csproj", "{253CCFB9-0DAA-4E48-8660-4D18BE11F8B8}"
EndProject
Project("{2150E333-8FDC-42A3-9474-1A3956D46DE8}") = "RouteService", "RouteService", "{094C97AC-4152-1D49-42B1-27AB085D09ED}"
EndProject
Project("{FAE04EC0-301F-11D3-BF4B-00C04F79EFBC}") = "RouteService.Domain", "Services\RouteService\RouteService.Domain\RouteService.Domain.csproj", "{DE809B20-5F0D-4E96-BFDB-FDFC9EF1C445}"
EndProject
Project("{FAE04EC0-301F-11D3-BF4B-00C04F79EFBC}") = "RouteService.Infrastructure", "Services\RouteService\RouteService.Infrastructure\RouteService.Infrastructure.csproj", "{995B6B81-DE03-4AD9-85D2-14B8B588AFC5}"
EndProject
Project("{FAE04EC0-301F-11D3-BF4B-00C04F79EFBC}") = "RouteService.Application", "Services\RouteService\RouteService.Application\RouteService.Application.csproj", "{5E2DFA65-2B86-4178-A604-B0FFF51FBB25}"
EndProject
Project("{FAE04EC0-301F-11D3-BF4B-00C04F79EFBC}") = "RouteService.WebApi", "Services\RouteService\RouteService.WebApi\RouteService.WebApi.csproj", "{A6C5E8A7-2C45-40A2-8795-FD6C9C27A8BB}"
EndProject
Project("{FAE04EC0-301F-11D3-BF4B-00C04F79EFBC}") = "RouteService.Tests", "Services\RouteService\RouteService.Tests\RouteService.Tests.csproj", "{58BAD772-A23B-4013-8B17-59586962210F}"
EndProject
Project("{FAE04EC0-301F-11D3-BF4B-00C04F79EFBC}") = "ListingService.Tests", "Services\ListingService\ListingService.Tests\ListingService.Tests.csproj", "{01CE8E71-6C3E-49A5-9D43-57D255F0DBF0}"
EndProject
Global
	GlobalSection(SolutionConfigurationPlatforms) = preSolution
		Debug|Any CPU = Debug|Any CPU
		Debug|x64 = Debug|x64
		Debug|x86 = Debug|x86
		Release|Any CPU = Release|Any CPU
		Release|x64 = Release|x64
		Release|x86 = Release|x86
	EndGlobalSection
	GlobalSection(ProjectConfigurationPlatforms) = postSolution
		{3A90A3CE-CAAC-4A0F-A3A6-F355020DF0D0}.Debug|Any CPU.ActiveCfg = Debug|Any CPU
		{3A90A3CE-CAAC-4A0F-A3A6-F355020DF0D0}.Debug|Any CPU.Build.0 = Debug|Any CPU
		{3A90A3CE-CAAC-4A0F-A3A6-F355020DF0D0}.Debug|x64.ActiveCfg = Debug|Any CPU
		{3A90A3CE-CAAC-4A0F-A3A6-F355020DF0D0}.Debug|x64.Build.0 = Debug|Any CPU
		{3A90A3CE-CAAC-4A0F-A3A6-F355020DF0D0}.Debug|x86.ActiveCfg = Debug|Any CPU
		{3A90A3CE-CAAC-4A0F-A3A6-F355020DF0D0}.Debug|x86.Build.0 = Debug|Any CPU
		{3A90A3CE-CAAC-4A0F-A3A6-F355020DF0D0}.Release|Any CPU.ActiveCfg = Release|Any CPU
		{3A90A3CE-CAAC-4A0F-A3A6-F355020DF0D0}.Release|Any CPU.Build.0 = Release|Any CPU
		{3A90A3CE-CAAC-4A0F-A3A6-F355020DF0D0}.Release|x64.ActiveCfg = Release|Any CPU
		{3A90A3CE-CAAC-4A0F-A3A6-F355020DF0D0}.Release|x64.Build.0 = Release|Any CPU
		{3A90A3CE-CAAC-4A0F-A3A6-F355020DF0D0}.Release|x86.ActiveCfg = Release|Any CPU
		{3A90A3CE-CAAC-4A0F-A3A6-F355020DF0D0}.Release|x86.Build.0 = Release|Any CPU
		{3224FBC3-164A-4D70-86C9-398FA4E6A32E}.Debug|Any CPU.ActiveCfg = Debug|Any CPU
		{3224FBC3-164A-4D70-86C9-398FA4E6A32E}.Debug|Any CPU.Build.0 = Debug|Any CPU
		{3224FBC3-164A-4D70-86C9-398FA4E6A32E}.Debug|x64.ActiveCfg = Debug|Any CPU
		{3224FBC3-164A-4D70-86C9-398FA4E6A32E}.Debug|x64.Build.0 = Debug|Any CPU
		{3224FBC3-164A-4D70-86C9-398FA4E6A32E}.Debug|x86.ActiveCfg = Debug|Any CPU
		{3224FBC3-164A-4D70-86C9-398FA4E6A32E}.Debug|x86.Build.0 = Debug|Any CPU
		{3224FBC3-164A-4D70-86C9-398FA4E6A32E}.Release|Any CPU.ActiveCfg = Release|Any CPU
		{3224FBC3-164A-4D70-86C9-398FA4E6A32E}.Release|Any CPU.Build.0 = Release|Any CPU
		{3224FBC3-164A-4D70-86C9-398FA4E6A32E}.Release|x64.ActiveCfg = Release|Any CPU
		{3224FBC3-164A-4D70-86C9-398FA4E6A32E}.Release|x64.Build.0 = Release|Any CPU
		{3224FBC3-164A-4D70-86C9-398FA4E6A32E}.Release|x86.ActiveCfg = Release|Any CPU
		{3224FBC3-164A-4D70-86C9-398FA4E6A32E}.Release|x86.Build.0 = Release|Any CPU
		{19A619A8-5379-4BE4-B630-49390F2B82EE}.Debug|Any CPU.ActiveCfg = Debug|Any CPU
		{19A619A8-5379-4BE4-B630-49390F2B82EE}.Debug|Any CPU.Build.0 = Debug|Any CPU
		{19A619A8-5379-4BE4-B630-49390F2B82EE}.Debug|x64.ActiveCfg = Debug|Any CPU
		{19A619A8-5379-4BE4-B630-49390F2B82EE}.Debug|x64.Build.0 = Debug|Any CPU
		{19A619A8-5379-4BE4-B630-49390F2B82EE}.Debug|x86.ActiveCfg = Debug|Any CPU
		{19A619A8-5379-4BE4-B630-49390F2B82EE}.Debug|x86.Build.0 = Debug|Any CPU
		{19A619A8-5379-4BE4-B630-49390F2B82EE}.Release|Any CPU.ActiveCfg = Release|Any CPU
		{19A619A8-5379-4BE4-B630-49390F2B82EE}.Release|Any CPU.Build.0 = Release|Any CPU
		{19A619A8-5379-4BE4-B630-49390F2B82EE}.Release|x64.ActiveCfg = Release|Any CPU
		{19A619A8-5379-4BE4-B630-49390F2B82EE}.Release|x64.Build.0 = Release|Any CPU
		{19A619A8-5379-4BE4-B630-49390F2B82EE}.Release|x86.ActiveCfg = Release|Any CPU
		{19A619A8-5379-4BE4-B630-49390F2B82EE}.Release|x86.Build.0 = Release|Any CPU
		{C630A31F-A768-40DF-85D6-6234399D24CA}.Debug|Any CPU.ActiveCfg = Debug|Any CPU
		{C630A31F-A768-40DF-85D6-6234399D24CA}.Debug|Any CPU.Build.0 = Debug|Any CPU
		{C630A31F-A768-40DF-85D6-6234399D24CA}.Debug|x64.ActiveCfg = Debug|Any CPU
		{C630A31F-A768-40DF-85D6-6234399D24CA}.Debug|x64.Build.0 = Debug|Any CPU
		{C630A31F-A768-40DF-85D6-6234399D24CA}.Debug|x86.ActiveCfg = Debug|Any CPU
		{C630A31F-A768-40DF-85D6-6234399D24CA}.Debug|x86.Build.0 = Debug|Any CPU
		{C630A31F-A768-40DF-85D6-6234399D24CA}.Release|Any CPU.ActiveCfg = Release|Any CPU
		{C630A31F-A768-40DF-85D6-6234399D24CA}.Release|Any CPU.Build.0 = Release|Any CPU
		{C630A31F-A768-40DF-85D6-6234399D24CA}.Release|x64.ActiveCfg = Release|Any CPU
		{C630A31F-A768-40DF-85D6-6234399D24CA}.Release|x64.Build.0 = Release|Any CPU
		{C630A31F-A768-40DF-85D6-6234399D24CA}.Release|x86.ActiveCfg = Release|Any CPU
		{C630A31F-A768-40DF-85D6-6234399D24CA}.Release|x86.Build.0 = Release|Any CPU
		{D1123673-005B-4001-AD10-3F211A26573A}.Debug|Any CPU.ActiveCfg = Debug|Any CPU
		{D1123673-005B-4001-AD10-3F211A26573A}.Debug|Any CPU.Build.0 = Debug|Any CPU
		{D1123673-005B-4001-AD10-3F211A26573A}.Debug|x64.ActiveCfg = Debug|Any CPU
		{D1123673-005B-4001-AD10-3F211A26573A}.Debug|x64.Build.0 = Debug|Any CPU
		{D1123673-005B-4001-AD10-3F211A26573A}.Debug|x86.ActiveCfg = Debug|Any CPU
		{D1123673-005B-4001-AD10-3F211A26573A}.Debug|x86.Build.0 = Debug|Any CPU
		{D1123673-005B-4001-AD10-3F211A26573A}.Release|Any CPU.ActiveCfg = Release|Any CPU
		{D1123673-005B-4001-AD10-3F211A26573A}.Release|Any CPU.Build.0 = Release|Any CPU
		{D1123673-005B-4001-AD10-3F211A26573A}.Release|x64.ActiveCfg = Release|Any CPU
		{D1123673-005B-4001-AD10-3F211A26573A}.Release|x64.Build.0 = Release|Any CPU
		{D1123673-005B-4001-AD10-3F211A26573A}.Release|x86.ActiveCfg = Release|Any CPU
		{D1123673-005B-4001-AD10-3F211A26573A}.Release|x86.Build.0 = Release|Any CPU
		{9002A01D-AF50-485C-83EF-7BC6BFA7413D}.Debug|Any CPU.ActiveCfg = Debug|Any CPU
		{9002A01D-AF50-485C-83EF-7BC6BFA7413D}.Debug|Any CPU.Build.0 = Debug|Any CPU
		{9002A01D-AF50-485C-83EF-7BC6BFA7413D}.Debug|x64.ActiveCfg = Debug|Any CPU
		{9002A01D-AF50-485C-83EF-7BC6BFA7413D}.Debug|x64.Build.0 = Debug|Any CPU
		{9002A01D-AF50-485C-83EF-7BC6BFA7413D}.Debug|x86.ActiveCfg = Debug|Any CPU
		{9002A01D-AF50-485C-83EF-7BC6BFA7413D}.Debug|x86.Build.0 = Debug|Any CPU
		{9002A01D-AF50-485C-83EF-7BC6BFA7413D}.Release|Any CPU.ActiveCfg = Release|Any CPU
		{9002A01D-AF50-485C-83EF-7BC6BFA7413D}.Release|Any CPU.Build.0 = Release|Any CPU
		{9002A01D-AF50-485C-83EF-7BC6BFA7413D}.Release|x64.ActiveCfg = Release|Any CPU
		{9002A01D-AF50-485C-83EF-7BC6BFA7413D}.Release|x64.Build.0 = Release|Any CPU
		{9002A01D-AF50-485C-83EF-7BC6BFA7413D}.Release|x86.ActiveCfg = Release|Any CPU
		{9002A01D-AF50-485C-83EF-7BC6BFA7413D}.Release|x86.Build.0 = Release|Any CPU
		{90259EFE-36FD-4C83-AAA2-C6B230ECA3DF}.Debug|Any CPU.ActiveCfg = Debug|Any CPU
		{90259EFE-36FD-4C83-AAA2-C6B230ECA3DF}.Debug|Any CPU.Build.0 = Debug|Any CPU
		{90259EFE-36FD-4C83-AAA2-C6B230ECA3DF}.Debug|x64.ActiveCfg = Debug|Any CPU
		{90259EFE-36FD-4C83-AAA2-C6B230ECA3DF}.Debug|x64.Build.0 = Debug|Any CPU
		{90259EFE-36FD-4C83-AAA2-C6B230ECA3DF}.Debug|x86.ActiveCfg = Debug|Any CPU
		{90259EFE-36FD-4C83-AAA2-C6B230ECA3DF}.Debug|x86.Build.0 = Debug|Any CPU
		{90259EFE-36FD-4C83-AAA2-C6B230ECA3DF}.Release|Any CPU.ActiveCfg = Release|Any CPU
		{90259EFE-36FD-4C83-AAA2-C6B230ECA3DF}.Release|Any CPU.Build.0 = Release|Any CPU
		{90259EFE-36FD-4C83-AAA2-C6B230ECA3DF}.Release|x64.ActiveCfg = Release|Any CPU
		{90259EFE-36FD-4C83-AAA2-C6B230ECA3DF}.Release|x64.Build.0 = Release|Any CPU
		{90259EFE-36FD-4C83-AAA2-C6B230ECA3DF}.Release|x86.ActiveCfg = Release|Any CPU
		{90259EFE-36FD-4C83-AAA2-C6B230ECA3DF}.Release|x86.Build.0 = Release|Any CPU
		{5260C2B3-67BE-4DE8-B8CF-175EBC386AB7}.Debug|Any CPU.ActiveCfg = Debug|Any CPU
		{5260C2B3-67BE-4DE8-B8CF-175EBC386AB7}.Debug|Any CPU.Build.0 = Debug|Any CPU
		{5260C2B3-67BE-4DE8-B8CF-175EBC386AB7}.Debug|x64.ActiveCfg = Debug|Any CPU
		{5260C2B3-67BE-4DE8-B8CF-175EBC386AB7}.Debug|x64.Build.0 = Debug|Any CPU
		{5260C2B3-67BE-4DE8-B8CF-175EBC386AB7}.Debug|x86.ActiveCfg = Debug|Any CPU
		{5260C2B3-67BE-4DE8-B8CF-175EBC386AB7}.Debug|x86.Build.0 = Debug|Any CPU
		{5260C2B3-67BE-4DE8-B8CF-175EBC386AB7}.Release|Any CPU.ActiveCfg = Release|Any CPU
		{5260C2B3-67BE-4DE8-B8CF-175EBC386AB7}.Release|Any CPU.Build.0 = Release|Any CPU
		{5260C2B3-67BE-4DE8-B8CF-175EBC386AB7}.Release|x64.ActiveCfg = Release|Any CPU
		{5260C2B3-67BE-4DE8-B8CF-175EBC386AB7}.Release|x64.Build.0 = Release|Any CPU
		{5260C2B3-67BE-4DE8-B8CF-175EBC386AB7}.Release|x86.ActiveCfg = Release|Any CPU
		{5260C2B3-67BE-4DE8-B8CF-175EBC386AB7}.Release|x86.Build.0 = Release|Any CPU
		{1CF42F4F-1568-43EC-BC9A-B21E9B9E07AB}.Debug|Any CPU.ActiveCfg = Debug|Any CPU
		{1CF42F4F-1568-43EC-BC9A-B21E9B9E07AB}.Debug|Any CPU.Build.0 = Debug|Any CPU
		{1CF42F4F-1568-43EC-BC9A-B21E9B9E07AB}.Debug|x64.ActiveCfg = Debug|Any CPU
		{1CF42F4F-1568-43EC-BC9A-B21E9B9E07AB}.Debug|x64.Build.0 = Debug|Any CPU
		{1CF42F4F-1568-43EC-BC9A-B21E9B9E07AB}.Debug|x86.ActiveCfg = Debug|Any CPU
		{1CF42F4F-1568-43EC-BC9A-B21E9B9E07AB}.Debug|x86.Build.0 = Debug|Any CPU
		{1CF42F4F-1568-43EC-BC9A-B21E9B9E07AB}.Release|Any CPU.ActiveCfg = Release|Any CPU
		{1CF42F4F-1568-43EC-BC9A-B21E9B9E07AB}.Release|Any CPU.Build.0 = Release|Any CPU
		{1CF42F4F-1568-43EC-BC9A-B21E9B9E07AB}.Release|x64.ActiveCfg = Release|Any CPU
		{1CF42F4F-1568-43EC-BC9A-B21E9B9E07AB}.Release|x64.Build.0 = Release|Any CPU
		{1CF42F4F-1568-43EC-BC9A-B21E9B9E07AB}.Release|x86.ActiveCfg = Release|Any CPU
		{1CF42F4F-1568-43EC-BC9A-B21E9B9E07AB}.Release|x86.Build.0 = Release|Any CPU
		{6B13C1B8-5235-4378-8541-538871992201}.Debug|Any CPU.ActiveCfg = Debug|Any CPU
		{6B13C1B8-5235-4378-8541-538871992201}.Debug|Any CPU.Build.0 = Debug|Any CPU
		{6B13C1B8-5235-4378-8541-538871992201}.Debug|x64.ActiveCfg = Debug|Any CPU
		{6B13C1B8-5235-4378-8541-538871992201}.Debug|x64.Build.0 = Debug|Any CPU
		{6B13C1B8-5235-4378-8541-538871992201}.Debug|x86.ActiveCfg = Debug|Any CPU
		{6B13C1B8-5235-4378-8541-538871992201}.Debug|x86.Build.0 = Debug|Any CPU
		{6B13C1B8-5235-4378-8541-538871992201}.Release|Any CPU.ActiveCfg = Release|Any CPU
		{6B13C1B8-5235-4378-8541-538871992201}.Release|Any CPU.Build.0 = Release|Any CPU
		{6B13C1B8-5235-4378-8541-538871992201}.Release|x64.ActiveCfg = Release|Any CPU
		{6B13C1B8-5235-4378-8541-538871992201}.Release|x64.Build.0 = Release|Any CPU
		{6B13C1B8-5235-4378-8541-538871992201}.Release|x86.ActiveCfg = Release|Any CPU
		{6B13C1B8-5235-4378-8541-538871992201}.Release|x86.Build.0 = Release|Any CPU
		{B6CDC827-CE71-4B71-B4BE-D332E2269235}.Debug|Any CPU.ActiveCfg = Debug|Any CPU
		{B6CDC827-CE71-4B71-B4BE-D332E2269235}.Debug|Any CPU.Build.0 = Debug|Any CPU
		{B6CDC827-CE71-4B71-B4BE-D332E2269235}.Debug|x64.ActiveCfg = Debug|Any CPU
		{B6CDC827-CE71-4B71-B4BE-D332E2269235}.Debug|x64.Build.0 = Debug|Any CPU
		{B6CDC827-CE71-4B71-B4BE-D332E2269235}.Debug|x86.ActiveCfg = Debug|Any CPU
		{B6CDC827-CE71-4B71-B4BE-D332E2269235}.Debug|x86.Build.0 = Debug|Any CPU
		{B6CDC827-CE71-4B71-B4BE-D332E2269235}.Release|Any CPU.ActiveCfg = Release|Any CPU
		{B6CDC827-CE71-4B71-B4BE-D332E2269235}.Release|Any CPU.Build.0 = Release|Any CPU
		{B6CDC827-CE71-4B71-B4BE-D332E2269235}.Release|x64.ActiveCfg = Release|Any CPU
		{B6CDC827-CE71-4B71-B4BE-D332E2269235}.Release|x64.Build.0 = Release|Any CPU
		{B6CDC827-CE71-4B71-B4BE-D332E2269235}.Release|x86.ActiveCfg = Release|Any CPU
		{B6CDC827-CE71-4B71-B4BE-D332E2269235}.Release|x86.Build.0 = Release|Any CPU
		{253CCFB9-0DAA-4E48-8660-4D18BE11F8B8}.Debug|Any CPU.ActiveCfg = Debug|Any CPU
		{253CCFB9-0DAA-4E48-8660-4D18BE11F8B8}.Debug|Any CPU.Build.0 = Debug|Any CPU
		{253CCFB9-0DAA-4E48-8660-4D18BE11F8B8}.Debug|x64.ActiveCfg = Debug|Any CPU
		{253CCFB9-0DAA-4E48-8660-4D18BE11F8B8}.Debug|x64.Build.0 = Debug|Any CPU
		{253CCFB9-0DAA-4E48-8660-4D18BE11F8B8}.Debug|x86.ActiveCfg = Debug|Any CPU
		{253CCFB9-0DAA-4E48-8660-4D18BE11F8B8}.Debug|x86.Build.0 = Debug|Any CPU
		{253CCFB9-0DAA-4E48-8660-4D18BE11F8B8}.Release|Any CPU.ActiveCfg = Release|Any CPU
		{253CCFB9-0DAA-4E48-8660-4D18BE11F8B8}.Release|Any CPU.Build.0 = Release|Any CPU
		{253CCFB9-0DAA-4E48-8660-4D18BE11F8B8}.Release|x64.ActiveCfg = Release|Any CPU
		{253CCFB9-0DAA-4E48-8660-4D18BE11F8B8}.Release|x64.Build.0 = Release|Any CPU
		{253CCFB9-0DAA-4E48-8660-4D18BE11F8B8}.Release|x86.ActiveCfg = Release|Any CPU
		{253CCFB9-0DAA-4E48-8660-4D18BE11F8B8}.Release|x86.Build.0 = Release|Any CPU
		{DE809B20-5F0D-4E96-BFDB-FDFC9EF1C445}.Debug|Any CPU.ActiveCfg = Debug|Any CPU
		{DE809B20-5F0D-4E96-BFDB-FDFC9EF1C445}.Debug|Any CPU.Build.0 = Debug|Any CPU
		{DE809B20-5F0D-4E96-BFDB-FDFC9EF1C445}.Debug|x64.ActiveCfg = Debug|Any CPU
		{DE809B20-5F0D-4E96-BFDB-FDFC9EF1C445}.Debug|x64.Build.0 = Debug|Any CPU
		{DE809B20-5F0D-4E96-BFDB-FDFC9EF1C445}.Debug|x86.ActiveCfg = Debug|Any CPU
		{DE809B20-5F0D-4E96-BFDB-FDFC9EF1C445}.Debug|x86.Build.0 = Debug|Any CPU
		{DE809B20-5F0D-4E96-BFDB-FDFC9EF1C445}.Release|Any CPU.ActiveCfg = Release|Any CPU
		{DE809B20-5F0D-4E96-BFDB-FDFC9EF1C445}.Release|Any CPU.Build.0 = Release|Any CPU
		{DE809B20-5F0D-4E96-BFDB-FDFC9EF1C445}.Release|x64.ActiveCfg = Release|Any CPU
		{DE809B20-5F0D-4E96-BFDB-FDFC9EF1C445}.Release|x64.Build.0 = Release|Any CPU
		{DE809B20-5F0D-4E96-BFDB-FDFC9EF1C445}.Release|x86.ActiveCfg = Release|Any CPU
		{DE809B20-5F0D-4E96-BFDB-FDFC9EF1C445}.Release|x86.Build.0 = Release|Any CPU
		{995B6B81-DE03-4AD9-85D2-14B8B588AFC5}.Debug|Any CPU.ActiveCfg = Debug|Any CPU
		{995B6B81-DE03-4AD9-85D2-14B8B588AFC5}.Debug|Any CPU.Build.0 = Debug|Any CPU
		{995B6B81-DE03-4AD9-85D2-14B8B588AFC5}.Debug|x64.ActiveCfg = Debug|Any CPU
		{995B6B81-DE03-4AD9-85D2-14B8B588AFC5}.Debug|x64.Build.0 = Debug|Any CPU
		{995B6B81-DE03-4AD9-85D2-14B8B588AFC5}.Debug|x86.ActiveCfg = Debug|Any CPU
		{995B6B81-DE03-4AD9-85D2-14B8B588AFC5}.Debug|x86.Build.0 = Debug|Any CPU
		{995B6B81-DE03-4AD9-85D2-14B8B588AFC5}.Release|Any CPU.ActiveCfg = Release|Any CPU
		{995B6B81-DE03-4AD9-85D2-14B8B588AFC5}.Release|Any CPU.Build.0 = Release|Any CPU
		{995B6B81-DE03-4AD9-85D2-14B8B588AFC5}.Release|x64.ActiveCfg = Release|Any CPU
		{995B6B81-DE03-4AD9-85D2-14B8B588AFC5}.Release|x64.Build.0 = Release|Any CPU
		{995B6B81-DE03-4AD9-85D2-14B8B588AFC5}.Release|x86.ActiveCfg = Release|Any CPU
		{995B6B81-DE03-4AD9-85D2-14B8B588AFC5}.Release|x86.Build.0 = Release|Any CPU
		{5E2DFA65-2B86-4178-A604-B0FFF51FBB25}.Debug|Any CPU.ActiveCfg = Debug|Any CPU
		{5E2DFA65-2B86-4178-A604-B0FFF51FBB25}.Debug|Any CPU.Build.0 = Debug|Any CPU
		{5E2DFA65-2B86-4178-A604-B0FFF51FBB25}.Debug|x64.ActiveCfg = Debug|Any CPU
		{5E2DFA65-2B86-4178-A604-B0FFF51FBB25}.Debug|x64.Build.0 = Debug|Any CPU
		{5E2DFA65-2B86-4178-A604-B0FFF51FBB25}.Debug|x86.ActiveCfg = Debug|Any CPU
		{5E2DFA65-2B86-4178-A604-B0FFF51FBB25}.Debug|x86.Build.0 = Debug|Any CPU
		{5E2DFA65-2B86-4178-A604-B0FFF51FBB25}.Release|Any CPU.ActiveCfg = Release|Any CPU
		{5E2DFA65-2B86-4178-A604-B0FFF51FBB25}.Release|Any CPU.Build.0 = Release|Any CPU
		{5E2DFA65-2B86-4178-A604-B0FFF51FBB25}.Release|x64.ActiveCfg = Release|Any CPU
		{5E2DFA65-2B86-4178-A604-B0FFF51FBB25}.Release|x64.Build.0 = Release|Any CPU
		{5E2DFA65-2B86-4178-A604-B0FFF51FBB25}.Release|x86.ActiveCfg = Release|Any CPU
		{5E2DFA65-2B86-4178-A604-B0FFF51FBB25}.Release|x86.Build.0 = Release|Any CPU
		{A6C5E8A7-2C45-40A2-8795-FD6C9C27A8BB}.Debug|Any CPU.ActiveCfg = Debug|Any CPU
		{A6C5E8A7-2C45-40A2-8795-FD6C9C27A8BB}.Debug|Any CPU.Build.0 = Debug|Any CPU
		{A6C5E8A7-2C45-40A2-8795-FD6C9C27A8BB}.Debug|x64.ActiveCfg = Debug|Any CPU
		{A6C5E8A7-2C45-40A2-8795-FD6C9C27A8BB}.Debug|x64.Build.0 = Debug|Any CPU
		{A6C5E8A7-2C45-40A2-8795-FD6C9C27A8BB}.Debug|x86.ActiveCfg = Debug|Any CPU
		{A6C5E8A7-2C45-40A2-8795-FD6C9C27A8BB}.Debug|x86.Build.0 = Debug|Any CPU
		{A6C5E8A7-2C45-40A2-8795-FD6C9C27A8BB}.Release|Any CPU.ActiveCfg = Release|Any CPU
		{A6C5E8A7-2C45-40A2-8795-FD6C9C27A8BB}.Release|Any CPU.Build.0 = Release|Any CPU
		{A6C5E8A7-2C45-40A2-8795-FD6C9C27A8BB}.Release|x64.ActiveCfg = Release|Any CPU
		{A6C5E8A7-2C45-40A2-8795-FD6C9C27A8BB}.Release|x64.Build.0 = Release|Any CPU
		{A6C5E8A7-2C45-40A2-8795-FD6C9C27A8BB}.Release|x86.ActiveCfg = Release|Any CPU
		{A6C5E8A7-2C45-40A2-8795-FD6C9C27A8BB}.Release|x86.Build.0 = Release|Any CPU
		{58BAD772-A23B-4013-8B17-59586962210F}.Debug|Any CPU.ActiveCfg = Debug|Any CPU
		{58BAD772-A23B-4013-8B17-59586962210F}.Debug|Any CPU.Build.0 = Debug|Any CPU
		{58BAD772-A23B-4013-8B17-59586962210F}.Debug|x64.ActiveCfg = Debug|Any CPU
		{58BAD772-A23B-4013-8B17-59586962210F}.Debug|x64.Build.0 = Debug|Any CPU
		{58BAD772-A23B-4013-8B17-59586962210F}.Debug|x86.ActiveCfg = Debug|Any CPU
		{58BAD772-A23B-4013-8B17-59586962210F}.Debug|x86.Build.0 = Debug|Any CPU
		{58BAD772-A23B-4013-8B17-59586962210F}.Release|Any CPU.ActiveCfg = Release|Any CPU
		{58BAD772-A23B-4013-8B17-59586962210F}.Release|Any CPU.Build.0 = Release|Any CPU
		{58BAD772-A23B-4013-8B17-59586962210F}.Release|x64.ActiveCfg = Release|Any CPU
		{58BAD772-A23B-4013-8B17-59586962210F}.Release|x64.Build.0 = Release|Any CPU
		{58BAD772-A23B-4013-8B17-59586962210F}.Release|x86.ActiveCfg = Release|Any CPU
		{58BAD772-A23B-4013-8B17-59586962210F}.Release|x86.Build.0 = Release|Any CPU
		{01CE8E71-6C3E-49A5-9D43-57D255F0DBF0}.Debug|Any CPU.ActiveCfg = Debug|Any CPU
		{01CE8E71-6C3E-49A5-9D43-57D255F0DBF0}.Debug|Any CPU.Build.0 = Debug|Any CPU
		{01CE8E71-6C3E-49A5-9D43-57D255F0DBF0}.Debug|x64.ActiveCfg = Debug|Any CPU
		{01CE8E71-6C3E-49A5-9D43-57D255F0DBF0}.Debug|x64.Build.0 = Debug|Any CPU
		{01CE8E71-6C3E-49A5-9D43-57D255F0DBF0}.Debug|x86.ActiveCfg = Debug|Any CPU
		{01CE8E71-6C3E-49A5-9D43-57D255F0DBF0}.Debug|x86.Build.0 = Debug|Any CPU
		{01CE8E71-6C3E-49A5-9D43-57D255F0DBF0}.Release|Any CPU.ActiveCfg = Release|Any CPU
		{01CE8E71-6C3E-49A5-9D43-57D255F0DBF0}.Release|Any CPU.Build.0 = Release|Any CPU
		{01CE8E71-6C3E-49A5-9D43-57D255F0DBF0}.Release|x64.ActiveCfg = Release|Any CPU
		{01CE8E71-6C3E-49A5-9D43-57D255F0DBF0}.Release|x64.Build.0 = Release|Any CPU
		{01CE8E71-6C3E-49A5-9D43-57D255F0DBF0}.Release|x86.ActiveCfg = Release|Any CPU
		{01CE8E71-6C3E-49A5-9D43-57D255F0DBF0}.Release|x86.Build.0 = Release|Any CPU
	EndGlobalSection
	GlobalSection(SolutionProperties) = preSolution
		HideSolutionNode = FALSE
	EndGlobalSection
	GlobalSection(NestedProjects) = preSolution
		{3828E8CB-C4B4-4BAF-8E2F-6751700242E7} = {36D591C7-65C7-A0D1-1CBC-10CDE441BDC8}
		{3A90A3CE-CAAC-4A0F-A3A6-F355020DF0D0} = {3828E8CB-C4B4-4BAF-8E2F-6751700242E7}
		{3224FBC3-164A-4D70-86C9-398FA4E6A32E} = {3828E8CB-C4B4-4BAF-8E2F-6751700242E7}
		{19A619A8-5379-4BE4-B630-49390F2B82EE} = {3828E8CB-C4B4-4BAF-8E2F-6751700242E7}
		{C630A31F-A768-40DF-85D6-6234399D24CA} = {3828E8CB-C4B4-4BAF-8E2F-6751700242E7}
		{D1123673-005B-4001-AD10-3F211A26573A} = {D1FA27F7-C3D3-4CCD-885C-6E5F9C29C77F}
		{D1FA27F7-C3D3-4CCD-885C-6E5F9C29C77F} = {36D591C7-65C7-A0D1-1CBC-10CDE441BDC8}
		{9002A01D-AF50-485C-83EF-7BC6BFA7413D} = {D1FA27F7-C3D3-4CCD-885C-6E5F9C29C77F}
		{90259EFE-36FD-4C83-AAA2-C6B230ECA3DF} = {D1FA27F7-C3D3-4CCD-885C-6E5F9C29C77F}
		{5260C2B3-67BE-4DE8-B8CF-175EBC386AB7} = {D1FA27F7-C3D3-4CCD-885C-6E5F9C29C77F}
		{A2AA9BF3-6556-E61B-83BB-905EF0D2EA94} = {36D591C7-65C7-A0D1-1CBC-10CDE441BDC8}
		{1CF42F4F-1568-43EC-BC9A-B21E9B9E07AB} = {A2AA9BF3-6556-E61B-83BB-905EF0D2EA94}
		{6B13C1B8-5235-4378-8541-538871992201} = {A2AA9BF3-6556-E61B-83BB-905EF0D2EA94}
		{B6CDC827-CE71-4B71-B4BE-D332E2269235} = {A2AA9BF3-6556-E61B-83BB-905EF0D2EA94}
		{253CCFB9-0DAA-4E48-8660-4D18BE11F8B8} = {A2AA9BF3-6556-E61B-83BB-905EF0D2EA94}
		{094C97AC-4152-1D49-42B1-27AB085D09ED} = {36D591C7-65C7-A0D1-1CBC-10CDE441BDC8}
		{DE809B20-5F0D-4E96-BFDB-FDFC9EF1C445} = {094C97AC-4152-1D49-42B1-27AB085D09ED}
		{995B6B81-DE03-4AD9-85D2-14B8B588AFC5} = {094C97AC-4152-1D49-42B1-27AB085D09ED}
		{5E2DFA65-2B86-4178-A604-B0FFF51FBB25} = {094C97AC-4152-1D49-42B1-27AB085D09ED}
		{A6C5E8A7-2C45-40A2-8795-FD6C9C27A8BB} = {094C97AC-4152-1D49-42B1-27AB085D09ED}
		{58BAD772-A23B-4013-8B17-59586962210F} = {094C97AC-4152-1D49-42B1-27AB085D09ED}
		{01CE8E71-6C3E-49A5-9D43-57D255F0DBF0} = {D1FA27F7-C3D3-4CCD-885C-6E5F9C29C77F}
	EndGlobalSection
	GlobalSection(ExtensibilityGlobals) = postSolution
		SolutionGuid = {A914CA70-4CD7-470A-A07E-1789BD19BB02}
	EndGlobalSection
EndGlobal
